
Microsoft Visual Studio Solution File, Format Version 12.00
# Visual Studio Version 16
VisualStudioVersion = 16.0.30523.141
MinimumVisualStudioVersion = 10.0.40219.1
Project("{9A19103F-16F7-4668-BE54-9A1E7A4F7556}") = "MvcMovie", "MvcMovie.csproj", "{F45ADF2E-82E8-4641-A73B-8205D241AAC7}"
EndProject
Project("{FAE04EC0-301F-11D3-BF4B-00C04F79EFBC}") = "app.domain", "..\app.domain\app.domain.csproj", "{E79673BF-91DC-4159-8E37-4474054C4240}"
EndProject
Project("{FAE04EC0-301F-11D3-BF4B-00C04F79EFBC}") = "app.repository", "..\app.repository\app.repository.csproj", "{AC84AE3D-13E9-4D11-88BE-439EC3A91B7C}"
EndProject
Project("{9A19103F-16F7-4668-BE54-9A1E7A4F7556}") = "app.service", "..\app.service\app.service.csproj", "{FD5276CC-FEE3-4961-9071-2A3B1AC7A3F3}"
EndProject
Global
	GlobalSection(SolutionConfigurationPlatforms) = preSolution
		Debug|Any CPU = Debug|Any CPU
		Release|Any CPU = Release|Any CPU
	EndGlobalSection
	GlobalSection(ProjectConfigurationPlatforms) = postSolution
		{F45ADF2E-82E8-4641-A73B-8205D241AAC7}.Debug|Any CPU.ActiveCfg = Debug|Any CPU
		{F45ADF2E-82E8-4641-A73B-8205D241AAC7}.Debug|Any CPU.Build.0 = Debug|Any CPU
		{F45ADF2E-82E8-4641-A73B-8205D241AAC7}.Release|Any CPU.ActiveCfg = Release|Any CPU
		{F45ADF2E-82E8-4641-A73B-8205D241AAC7}.Release|Any CPU.Build.0 = Release|Any CPU
		{E79673BF-91DC-4159-8E37-4474054C4240}.Debug|Any CPU.ActiveCfg = Debug|Any CPU
		{E79673BF-91DC-4159-8E37-4474054C4240}.Debug|Any CPU.Build.0 = Debug|Any CPU
		{E79673BF-91DC-4159-8E37-4474054C4240}.Release|Any CPU.ActiveCfg = Release|Any CPU
		{E79673BF-91DC-4159-8E37-4474054C4240}.Release|Any CPU.Build.0 = Release|Any CPU
		{AC84AE3D-13E9-4D11-88BE-439EC3A91B7C}.Debug|Any CPU.ActiveCfg = Debug|Any CPU
		{AC84AE3D-13E9-4D11-88BE-439EC3A91B7C}.Debug|Any CPU.Build.0 = Debug|Any CPU
		{AC84AE3D-13E9-4D11-88BE-439EC3A91B7C}.Release|Any CPU.ActiveCfg = Release|Any CPU
		{AC84AE3D-13E9-4D11-88BE-439EC3A91B7C}.Release|Any CPU.Build.0 = Release|Any CPU
		{FD5276CC-FEE3-4961-9071-2A3B1AC7A3F3}.Debug|Any CPU.ActiveCfg = Debug|Any CPU
		{FD5276CC-FEE3-4961-9071-2A3B1AC7A3F3}.Debug|Any CPU.Build.0 = Debug|Any CPU
		{FD5276CC-FEE3-4961-9071-2A3B1AC7A3F3}.Release|Any CPU.ActiveCfg = Release|Any CPU
		{FD5276CC-FEE3-4961-9071-2A3B1AC7A3F3}.Release|Any CPU.Build.0 = Release|Any CPU
	EndGlobalSection
	GlobalSection(SolutionProperties) = preSolution
		HideSolutionNode = FALSE
	EndGlobalSection
	GlobalSection(ExtensibilityGlobals) = postSolution
		SolutionGuid = {C1273CA0-DE1B-4EF4-ABEB-6161CB43D7AA}
	EndGlobalSection
EndGlobal
